// !$*UTF8*$!
{
	archiveVersion = 1;
	classes = {
	};
	objectVersion = 46;
	objects = {

/* Begin PBXBuildFile section */
		B24AB4C41AB8105C005E8034 /* PlaySoundsViewController.swift in Sources */ = {isa = PBXBuildFile; fileRef = B24AB4C31AB8105C005E8034 /* PlaySoundsViewController.swift */; };
		B24AB4C61AB814AB005E8034 /* movie_quote.mp3 in Resources */ = {isa = PBXBuildFile; fileRef = B24AB4C51AB814AB005E8034 /* movie_quote.mp3 */; };
		B259B9261AC1492A006026D1 /* RecordedAudio.swift in Sources */ = {isa = PBXBuildFile; fileRef = B259B9251AC1492A006026D1 /* RecordedAudio.swift */; };
		B2CCF4CE1AAF000200CFA0CC /* AppDelegate.swift in Sources */ = {isa = PBXBuildFile; fileRef = B2CCF4CD1AAF000200CFA0CC /* AppDelegate.swift */; };
		B2CCF4D01AAF000200CFA0CC /* RecordSoundsViewController.swift in Sources */ = {isa = PBXBuildFile; fileRef = B2CCF4CF1AAF000200CFA0CC /* RecordSoundsViewController.swift */; };
		B2CCF4D31AAF000200CFA0CC /* Main.storyboard in Resources */ = {isa = PBXBuildFile; fileRef = B2CCF4D11AAF000200CFA0CC /* Main.storyboard */; };
		B2CCF4D51AAF000200CFA0CC /* Images.xcassets in Resources */ = {isa = PBXBuildFile; fileRef = B2CCF4D41AAF000200CFA0CC /* Images.xcassets */; };
		B2CCF4D81AAF000200CFA0CC /* LaunchScreen.xib in Resources */ = {isa = PBXBuildFile; fileRef = B2CCF4D61AAF000200CFA0CC /* LaunchScreen.xib */; };
		B2CCF4E41AAF000200CFA0CC /* Pitch_PerfectTests.swift in Sources */ = {isa = PBXBuildFile; fileRef = B2CCF4E31AAF000200CFA0CC /* Pitch_PerfectTests.swift */; };
/* End PBXBuildFile section */

/* Begin PBXContainerItemProxy section */
		B2CCF4DE1AAF000200CFA0CC /* PBXContainerItemProxy */ = {
			isa = PBXContainerItemProxy;
			containerPortal = B2CCF4C01AAF000200CFA0CC /* Project object */;
			proxyType = 1;
			remoteGlobalIDString = B2CCF4C71AAF000200CFA0CC;
			remoteInfo = "Pitch Perfect";
		};
/* End PBXContainerItemProxy section */

/* Begin PBXFileReference section */
		B24AB4C31AB8105C005E8034 /* PlaySoundsViewController.swift */ = {isa = PBXFileReference; fileEncoding = 4; lastKnownFileType = sourcecode.swift; path = PlaySoundsViewController.swift; sourceTree = "<group>"; };
		B24AB4C51AB814AB005E8034 /* movie_quote.mp3 */ = {isa = PBXFileReference; lastKnownFileType = audio.mp3; path = movie_quote.mp3; sourceTree = "<group>"; };
		B259B9251AC1492A006026D1 /* RecordedAudio.swift */ = {isa = PBXFileReference; fileEncoding = 4; lastKnownFileType = sourcecode.swift; path = RecordedAudio.swift; sourceTree = "<group>"; };
		B2CCF4C81AAF000200CFA0CC /* Pitch Perfect.app */ = {isa = PBXFileReference; explicitFileType = wrapper.application; includeInIndex = 0; path = "Pitch Perfect.app"; sourceTree = BUILT_PRODUCTS_DIR; };
		B2CCF4CC1AAF000200CFA0CC /* Info.plist */ = {isa = PBXFileReference; lastKnownFileType = text.plist.xml; path = Info.plist; sourceTree = "<group>"; };
		B2CCF4CD1AAF000200CFA0CC /* AppDelegate.swift */ = {isa = PBXFileReference; lastKnownFileType = sourcecode.swift; path = AppDelegate.swift; sourceTree = "<group>"; };
		B2CCF4CF1AAF000200CFA0CC /* RecordSoundsViewController.swift */ = {isa = PBXFileReference; lastKnownFileType = sourcecode.swift; path = RecordSoundsViewController.swift; sourceTree = "<group>"; };
		B2CCF4D21AAF000200CFA0CC /* Base */ = {isa = PBXFileReference; lastKnownFileType = file.storyboard; name = Base; path = Base.lproj/Main.storyboard; sourceTree = "<group>"; };
		B2CCF4D41AAF000200CFA0CC /* Images.xcassets */ = {isa = PBXFileReference; lastKnownFileType = folder.assetcatalog; path = Images.xcassets; sourceTree = "<group>"; };
		B2CCF4D71AAF000200CFA0CC /* Base */ = {isa = PBXFileReference; lastKnownFileType = file.xib; name = Base; path = Base.lproj/LaunchScreen.xib; sourceTree = "<group>"; };
		B2CCF4DD1AAF000200CFA0CC /* Pitch PerfectTests.xctest */ = {isa = PBXFileReference; explicitFileType = wrapper.cfbundle; includeInIndex = 0; path = "Pitch PerfectTests.xctest"; sourceTree = BUILT_PRODUCTS_DIR; };
		B2CCF4E21AAF000200CFA0CC /* Info.plist */ = {isa = PBXFileReference; lastKnownFileType = text.plist.xml; path = Info.plist; sourceTree = "<group>"; };
		B2CCF4E31AAF000200CFA0CC /* Pitch_PerfectTests.swift */ = {isa = PBXFileReference; lastKnownFileType = sourcecode.swift; path = Pitch_PerfectTests.swift; sourceTree = "<group>"; };
/* End PBXFileReference section */

/* Begin PBXFrameworksBuildPhase section */
		B2CCF4C51AAF000200CFA0CC /* Frameworks */ = {
			isa = PBXFrameworksBuildPhase;
			buildActionMask = 2147483647;
			files = (
			);
			runOnlyForDeploymentPostprocessing = 0;
		};
		B2CCF4DA1AAF000200CFA0CC /* Frameworks */ = {
			isa = PBXFrameworksBuildPhase;
			buildActionMask = 2147483647;
			files = (
			);
			runOnlyForDeploymentPostprocessing = 0;
		};
/* End PBXFrameworksBuildPhase section */

/* Begin PBXGroup section */
		B2CCF4BF1AAF000200CFA0CC = {
			isa = PBXGroup;
			children = (
				B2CCF4CA1AAF000200CFA0CC /* Pitch Perfect */,
				B2CCF4E01AAF000200CFA0CC /* Pitch PerfectTests */,
				B2CCF4C91AAF000200CFA0CC /* Products */,
			);
			sourceTree = "<group>";
		};
		B2CCF4C91AAF000200CFA0CC /* Products */ = {
			isa = PBXGroup;
			children = (
				B2CCF4C81AAF000200CFA0CC /* Pitch Perfect.app */,
				B2CCF4DD1AAF000200CFA0CC /* Pitch PerfectTests.xctest */,
			);
			name = Products;
			sourceTree = "<group>";
		};
		B2CCF4CA1AAF000200CFA0CC /* Pitch Perfect */ = {
			isa = PBXGroup;
			children = (
				B2CCF4CD1AAF000200CFA0CC /* AppDelegate.swift */,
				B2CCF4CF1AAF000200CFA0CC /* RecordSoundsViewController.swift */,
				B2CCF4D11AAF000200CFA0CC /* Main.storyboard */,
				B24AB4C31AB8105C005E8034 /* PlaySoundsViewController.swift */,
				B2CCF4D41AAF000200CFA0CC /* Images.xcassets */,
				B2CCF4D61AAF000200CFA0CC /* LaunchScreen.xib */,
				B2CCF4CB1AAF000200CFA0CC /* Supporting Files */,
				B259B9251AC1492A006026D1 /* RecordedAudio.swift */,
			);
			path = "Pitch Perfect";
			sourceTree = "<group>";
		};
		B2CCF4CB1AAF000200CFA0CC /* Supporting Files */ = {
			isa = PBXGroup;
			children = (
				B24AB4C51AB814AB005E8034 /* movie_quote.mp3 */,
				B2CCF4CC1AAF000200CFA0CC /* Info.plist */,
			);
			name = "Supporting Files";
			sourceTree = "<group>";
		};
		B2CCF4E01AAF000200CFA0CC /* Pitch PerfectTests */ = {
			isa = PBXGroup;
			children = (
				B2CCF4E31AAF000200CFA0CC /* Pitch_PerfectTests.swift */,
				B2CCF4E11AAF000200CFA0CC /* Supporting Files */,
			);
			path = "Pitch PerfectTests";
			sourceTree = "<group>";
		};
		B2CCF4E11AAF000200CFA0CC /* Supporting Files */ = {
			isa = PBXGroup;
			children = (
				B2CCF4E21AAF000200CFA0CC /* Info.plist */,
			);
			name = "Supporting Files";
			sourceTree = "<group>";
		};
/* End PBXGroup section */

/* Begin PBXNativeTarget section */
		B2CCF4C71AAF000200CFA0CC /* Pitch Perfect */ = {
			isa = PBXNativeTarget;
			buildConfigurationList = B2CCF4E71AAF000200CFA0CC /* Build configuration list for PBXNativeTarget "Pitch Perfect" */;
			buildPhases = (
				B2CCF4C41AAF000200CFA0CC /* Sources */,
				B2CCF4C51AAF000200CFA0CC /* Frameworks */,
				B2CCF4C61AAF000200CFA0CC /* Resources */,
			);
			buildRules = (
			);
			dependencies = (
			);
			name = "Pitch Perfect";
			productName = "Pitch Perfect";
			productReference = B2CCF4C81AAF000200CFA0CC /* Pitch Perfect.app */;
			productType = "com.apple.product-type.application";
		};
		B2CCF4DC1AAF000200CFA0CC /* Pitch PerfectTests */ = {
			isa = PBXNativeTarget;
			buildConfigurationList = B2CCF4EA1AAF000200CFA0CC /* Build configuration list for PBXNativeTarget "Pitch PerfectTests" */;
			buildPhases = (
				B2CCF4D91AAF000200CFA0CC /* Sources */,
				B2CCF4DA1AAF000200CFA0CC /* Frameworks */,
				B2CCF4DB1AAF000200CFA0CC /* Resources */,
			);
			buildRules = (
			);
			dependencies = (
				B2CCF4DF1AAF000200CFA0CC /* PBXTargetDependency */,
			);
			name = "Pitch PerfectTests";
			productName = "Pitch PerfectTests";
			productReference = B2CCF4DD1AAF000200CFA0CC /* Pitch PerfectTests.xctest */;
			productType = "com.apple.product-type.bundle.unit-test";
		};
/* End PBXNativeTarget section */

/* Begin PBXProject section */
		B2CCF4C01AAF000200CFA0CC /* Project object */ = {
			isa = PBXProject;
			attributes = {
				LastUpgradeCheck = 0610;
				ORGANIZATIONNAME = kcology;
				TargetAttributes = {
					B2CCF4C71AAF000200CFA0CC = {
						CreatedOnToolsVersion = 6.1.1;
						DevelopmentTeam = 2F6U6S3XYV;
					};
					B2CCF4DC1AAF000200CFA0CC = {
						CreatedOnToolsVersion = 6.1.1;
						TestTargetID = B2CCF4C71AAF000200CFA0CC;
					};
				};
			};
			buildConfigurationList = B2CCF4C31AAF000200CFA0CC /* Build configuration list for PBXProject "Pitch Perfect" */;
			compatibilityVersion = "Xcode 3.2";
			developmentRegion = English;
			hasScannedForEncodings = 0;
			knownRegions = (
				en,
				Base,
			);
			mainGroup = B2CCF4BF1AAF000200CFA0CC;
			productRefGroup = B2CCF4C91AAF000200CFA0CC /* Products */;
			projectDirPath = "";
			projectRoot = "";
			targets = (
				B2CCF4C71AAF000200CFA0CC /* Pitch Perfect */,
				B2CCF4DC1AAF000200CFA0CC /* Pitch PerfectTests */,
			);
		};
/* End PBXProject section */

/* Begin PBXResourcesBuildPhase section */
		B2CCF4C61AAF000200CFA0CC /* Resources */ = {
			isa = PBXResourcesBuildPhase;
			buildActionMask = 2147483647;
			files = (
				B2CCF4D31AAF000200CFA0CC /* Main.storyboard in Resources */,
				B2CCF4D81AAF000200CFA0CC /* LaunchScreen.xib in Resources */,
				B24AB4C61AB814AB005E8034 /* movie_quote.mp3 in Resources */,
				B2CCF4D51AAF000200CFA0CC /* Images.xcassets in Resources */,
			);
			runOnlyForDeploymentPostprocessing = 0;
		};
		B2CCF4DB1AAF000200CFA0CC /* Resources */ = {
			isa = PBXResourcesBuildPhase;
			buildActionMask = 2147483647;
			files = (
			);
			runOnlyForDeploymentPostprocessing = 0;
		};
/* End PBXResourcesBuildPhase section */

/* Begin PBXSourcesBuildPhase section */
		B2CCF4C41AAF000200CFA0CC /* Sources */ = {
			isa = PBXSourcesBuildPhase;
			buildActionMask = 2147483647;
			files = (
				B259B9261AC1492A006026D1 /* RecordedAudio.swift in Sources */,
				B2CCF4D01AAF000200CFA0CC /* RecordSoundsViewController.swift in Sources */,
				B24AB4C41AB8105C005E8034 /* PlaySoundsViewController.swift in Sources */,
				B2CCF4CE1AAF000200CFA0CC /* AppDelegate.swift in Sources */,
			);
			runOnlyForDeploymentPostprocessing = 0;
		};
		B2CCF4D91AAF000200CFA0CC /* Sources */ = {
			isa = PBXSourcesBuildPhase;
			buildActionMask = 2147483647;
			files = (
				B2CCF4E41AAF000200CFA0CC /* Pitch_PerfectTests.swift in Sources */,
			);
			runOnlyForDeploymentPostprocessing = 0;
		};
/* End PBXSourcesBuildPhase section */

/* Begin PBXTargetDependency section */
		B2CCF4DF1AAF000200CFA0CC /* PBXTargetDependency */ = {
			isa = PBXTargetDependency;
			target = B2CCF4C71AAF000200CFA0CC /* Pitch Perfect */;
			targetProxy = B2CCF4DE1AAF000200CFA0CC /* PBXContainerItemProxy */;
		};
/* End PBXTargetDependency section */

/* Begin PBXVariantGroup section */
		B2CCF4D11AAF000200CFA0CC /* Main.storyboard */ = {
			isa = PBXVariantGroup;
			children = (
				B2CCF4D21AAF000200CFA0CC /* Base */,
			);
			name = Main.storyboard;
			sourceTree = "<group>";
		};
		B2CCF4D61AAF000200CFA0CC /* LaunchScreen.xib */ = {
			isa = PBXVariantGroup;
			children = (
				B2CCF4D71AAF000200CFA0CC /* Base */,
			);
			name = LaunchScreen.xib;
			sourceTree = "<group>";
		};
/* End PBXVariantGroup section */

/* Begin XCBuildConfiguration section */
		B2CCF4E51AAF000200CFA0CC /* Debug */ = {
			isa = XCBuildConfiguration;
			buildSettings = {
				ALWAYS_SEARCH_USER_PATHS = NO;
				CLANG_CXX_LANGUAGE_STANDARD = "gnu++0x";
				CLANG_CXX_LIBRARY = "libc++";
				CLANG_ENABLE_MODULES = YES;
				CLANG_ENABLE_OBJC_ARC = YES;
				CLANG_WARN_BOOL_CONVERSION = YES;
				CLANG_WARN_CONSTANT_CONVERSION = YES;
				CLANG_WARN_DIRECT_OBJC_ISA_USAGE = YES_ERROR;
				CLANG_WARN_EMPTY_BODY = YES;
				CLANG_WARN_ENUM_CONVERSION = YES;
				CLANG_WARN_INT_CONVERSION = YES;
				CLANG_WARN_OBJC_ROOT_CLASS = YES_ERROR;
				CLANG_WARN_UNREACHABLE_CODE = YES;
				CLANG_WARN__DUPLICATE_METHOD_MATCH = YES;
				"CODE_SIGN_IDENTITY[sdk=iphoneos*]" = "iPhone Developer";
				COPY_PHASE_STRIP = NO;
				ENABLE_STRICT_OBJC_MSGSEND = YES;
				GCC_C_LANGUAGE_STANDARD = gnu99;
				GCC_DYNAMIC_NO_PIC = NO;
				GCC_OPTIMIZATION_LEVEL = 0;
				GCC_PREPROCESSOR_DEFINITIONS = (
					"DEBUG=1",
					"$(inherited)",
				);
				GCC_SYMBOLS_PRIVATE_EXTERN = NO;
				GCC_WARN_64_TO_32_BIT_CONVERSION = YES;
				GCC_WARN_ABOUT_RETURN_TYPE = YES_ERROR;
				GCC_WARN_UNDECLARED_SELECTOR = YES;
				GCC_WARN_UNINITIALIZED_AUTOS = YES_AGGRESSIVE;
				GCC_WARN_UNUSED_FUNCTION = YES;
				GCC_WARN_UNUSED_VARIABLE = YES;
				IPHONEOS_DEPLOYMENT_TARGET = 8.1;
				MTL_ENABLE_DEBUG_INFO = YES;
				ONLY_ACTIVE_ARCH = YES;
				SDKROOT = iphoneos;
				SWIFT_OPTIMIZATION_LEVEL = "-Onone";
			};
			name = Debug;
		};
		B2CCF4E61AAF000200CFA0CC /* Release */ = {
			isa = XCBuildConfiguration;
			buildSettings = {
				ALWAYS_SEARCH_USER_PATHS = NO;
				CLANG_CXX_LANGUAGE_STANDARD = "gnu++0x";
				CLANG_CXX_LIBRARY = "libc++";
				CLANG_ENABLE_MODULES = YES;
				CLANG_ENABLE_OBJC_ARC = YES;
				CLANG_WARN_BOOL_CONVERSION = YES;
				CLANG_WARN_CONSTANT_CONVERSION = YES;
				CLANG_WARN_DIRECT_OBJC_ISA_USAGE = YES_ERROR;
				CLANG_WARN_EMPTY_BODY = YES;
				CLANG_WARN_ENUM_CONVERSION = YES;
				CLANG_WARN_INT_CONVERSION = YES;
				CLANG_WARN_OBJC_ROOT_CLASS = YES_ERROR;
				CLANG_WARN_UNREACHABLE_CODE = YES;
				CLANG_WARN__DUPLICATE_METHOD_MATCH = YES;
				"CODE_SIGN_IDENTITY[sdk=iphoneos*]" = "iPhone Developer";
				COPY_PHASE_STRIP = YES;
				ENABLE_NS_ASSERTIONS = NO;
				ENABLE_STRICT_OBJC_MSGSEND = YES;
				GCC_C_LANGUAGE_STANDARD = gnu99;
				GCC_WARN_64_TO_32_BIT_CONVERSION = YES;
				GCC_WARN_ABOUT_RETURN_TYPE = YES_ERROR;
				GCC_WARN_UNDECLARED_SELECTOR = YES;
				GCC_WARN_UNINITIALIZED_AUTOS = YES_AGGRESSIVE;
				GCC_WARN_UNUSED_FUNCTION = YES;
				GCC_WARN_UNUSED_VARIABLE = YES;
				IPHONEOS_DEPLOYMENT_TARGET = 8.1;
				MTL_ENABLE_DEBUG_INFO = NO;
				SDKROOT = iphoneos;
				VALIDATE_PRODUCT = YES;
			};
			name = Release;
		};
		B2CCF4E81AAF000200CFA0CC /* Debug */ = {
			isa = XCBuildConfiguration;
			buildSettings = {
				ASSETCATALOG_COMPILER_APPICON_NAME = AppIcon;
				CODE_SIGN_IDENTITY = "iPhone Developer";
				INFOPLIST_FILE = "Pitch Perfect/Info.plist";
				LD_RUNPATH_SEARCH_PATHS = "$(inherited) @executable_path/Frameworks";
				PRODUCT_NAME = "$(TARGET_NAME)";
			};
			name = Debug;
		};
		B2CCF4E91AAF000200CFA0CC /* Release */ = {
			isa = XCBuildConfiguration;
			buildSettings = {
				ASSETCATALOG_COMPILER_APPICON_NAME = AppIcon;
				CODE_SIGN_IDENTITY = "iPhone Developer";
				INFOPLIST_FILE = "Pitch Perfect/Info.plist";
				LD_RUNPATH_SEARCH_PATHS = "$(inherited) @executable_path/Frameworks";
				PRODUCT_NAME = "$(TARGET_NAME)";
			};
			name = Release;
		};
		B2CCF4EB1AAF000200CFA0CC /* Debug */ = {
			isa = XCBuildConfiguration;
			buildSettings = {
				BUNDLE_LOADER = "$(TEST_HOST)";
				FRAMEWORK_SEARCH_PATHS = (
					"$(SDKROOT)/Developer/Library/Frameworks",
					"$(inherited)",
				);
				GCC_PREPROCESSOR_DEFINITIONS = (
					"DEBUG=1",
					"$(inherited)",
				);
				INFOPLIST_FILE = "Pitch PerfectTests/Info.plist";
				LD_RUNPATH_SEARCH_PATHS = "$(inherited) @executable_path/Frameworks @loader_path/Frameworks";
				PRODUCT_NAME = "$(TARGET_NAME)";
				TEST_HOST = "$(BUILT_PRODUCTS_DIR)/Pitch Perfect.app/Pitch Perfect";
			};
			name = Debug;
		};
		B2CCF4EC1AAF000200CFA0CC /* Release */ = {
			isa = XCBuildConfiguration;
			buildSettings = {
				BUNDLE_LOADER = "$(TEST_HOST)";
				FRAMEWORK_SEARCH_PATHS = (
					"$(SDKROOT)/Developer/Library/Frameworks",
					"$(inherited)",
				);
				INFOPLIST_FILE = "Pitch PerfectTests/Info.plist";
				LD_RUNPATH_SEARCH_PATHS = "$(inherited) @executable_path/Frameworks @loader_path/Frameworks";
				PRODUCT_NAME = "$(TARGET_NAME)";
				TEST_HOST = "$(BUILT_PRODUCTS_DIR)/Pitch Perfect.app/Pitch Perfect";
			};
			name = Release;
		};
/* End XCBuildConfiguration section */

/* Begin XCConfigurationList section */
		B2CCF4C31AAF000200CFA0CC /* Build configuration list for PBXProject "Pitch Perfect" */ = {
			isa = XCConfigurationList;
			buildConfigurations = (
				B2CCF4E51AAF000200CFA0CC /* Debug */,
				B2CCF4E61AAF000200CFA0CC /* Release */,
			);
			defaultConfigurationIsVisible = 0;
			defaultConfigurationName = Release;
		};
		B2CCF4E71AAF000200CFA0CC /* Build configuration list for PBXNativeTarget "Pitch Perfect" */ = {
			isa = XCConfigurationList;
			buildConfigurations = (
				B2CCF4E81AAF000200CFA0CC /* Debug */,
				B2CCF4E91AAF000200CFA0CC /* Release */,
			);
			defaultConfigurationIsVisible = 0;
			defaultConfigurationName = Release;
		};
		B2CCF4EA1AAF000200CFA0CC /* Build configuration list for PBXNativeTarget "Pitch PerfectTests" */ = {
			isa = XCConfigurationList;
			buildConfigurations = (
				B2CCF4EB1AAF000200CFA0CC /* Debug */,
				B2CCF4EC1AAF000200CFA0CC /* Release */,
			);
			defaultConfigurationIsVisible = 0;
			defaultConfigurationName = Release;
		};
/* End XCConfigurationList section */
	};
	rootObject = B2CCF4C01AAF000200CFA0CC /* Project object */;
}
